// !$*UTF8*$!
{
	archiveVersion = 1;
	classes = {
	};
	objectVersion = 77;
	objects = {

/* Begin PBXBuildFile section */
		ACBEF3AD2D4003D900E01EED /* Auth in Frameworks */ = {isa = PBXBuildFile; productRef = ACBEF3AC2D4003D900E01EED /* Auth */; };
		ACBEF3AF2D4003D900E01EED /* Functions in Frameworks */ = {isa = PBXBuildFile; productRef = ACBEF3AE2D4003D900E01EED /* Functions */; };
		ACBEF3B12D4003D900E01EED /* PostgREST in Frameworks */ = {isa = PBXBuildFile; productRef = ACBEF3B02D4003D900E01EED /* PostgREST */; };
		ACBEF3B32D4003D900E01EED /* Realtime in Frameworks */ = {isa = PBXBuildFile; productRef = ACBEF3B22D4003D900E01EED /* Realtime */; };
		ACBEF3B52D4003D900E01EED /* Storage in Frameworks */ = {isa = PBXBuildFile; productRef = ACBEF3B42D4003D900E01EED /* Storage */; };
		ACBEF3B72D4003D900E01EED /* Supabase in Frameworks */ = {isa = PBXBuildFile; productRef = ACBEF3B62D4003D900E01EED /* Supabase */; };
/* End PBXBuildFile section */

/* Begin PBXContainerItemProxy section */
		AC8CA4292D38171600D2E5E5 /* PBXContainerItemProxy */ = {
			isa = PBXContainerItemProxy;
			containerPortal = AC8CA4102D38171400D2E5E5 /* Project object */;
			proxyType = 1;
			remoteGlobalIDString = AC8CA4172D38171400D2E5E5;
			remoteInfo = ExploreAble;
		};
		AC8CA4332D38171600D2E5E5 /* PBXContainerItemProxy */ = {
			isa = PBXContainerItemProxy;
			containerPortal = AC8CA4102D38171400D2E5E5 /* Project object */;
			proxyType = 1;
			remoteGlobalIDString = AC8CA4172D38171400D2E5E5;
			remoteInfo = ExploreAble;
		};
/* End PBXContainerItemProxy section */

/* Begin PBXFileReference section */
		AC8CA4182D38171400D2E5E5 /* ExploreAble.app */ = {isa = PBXFileReference; explicitFileType = wrapper.application; includeInIndex = 0; path = ExploreAble.app; sourceTree = BUILT_PRODUCTS_DIR; };
		AC8CA4282D38171600D2E5E5 /* ExploreAbleTests.xctest */ = {isa = PBXFileReference; explicitFileType = wrapper.cfbundle; includeInIndex = 0; path = ExploreAbleTests.xctest; sourceTree = BUILT_PRODUCTS_DIR; };
		AC8CA4322D38171600D2E5E5 /* ExploreAbleUITests.xctest */ = {isa = PBXFileReference; explicitFileType = wrapper.cfbundle; includeInIndex = 0; path = ExploreAbleUITests.xctest; sourceTree = BUILT_PRODUCTS_DIR; };
/* End PBXFileReference section */

/* Begin PBXFileSystemSynchronizedRootGroup section */
		AC8CA41A2D38171400D2E5E5 /* ExploreAble */ = {
			isa = PBXFileSystemSynchronizedRootGroup;
			path = ExploreAble;
			sourceTree = "<group>";
		};
		AC8CA42B2D38171600D2E5E5 /* ExploreAbleTests */ = {
			isa = PBXFileSystemSynchronizedRootGroup;
			path = ExploreAbleTests;
			sourceTree = "<group>";
		};
		AC8CA4352D38171600D2E5E5 /* ExploreAbleUITests */ = {
			isa = PBXFileSystemSynchronizedRootGroup;
			path = ExploreAbleUITests;
			sourceTree = "<group>";
		};
/* End PBXFileSystemSynchronizedRootGroup section */

/* Begin PBXFrameworksBuildPhase section */
		AC8CA4152D38171400D2E5E5 /* Frameworks */ = {
			isa = PBXFrameworksBuildPhase;
			buildActionMask = 2147483647;
			files = (
				ACBEF3B12D4003D900E01EED /* PostgREST in Frameworks */,
				ACBEF3AF2D4003D900E01EED /* Functions in Frameworks */,
				ACBEF3B72D4003D900E01EED /* Supabase in Frameworks */,
				ACBEF3AD2D4003D900E01EED /* Auth in Frameworks */,
				ACBEF3B52D4003D900E01EED /* Storage in Frameworks */,
				ACBEF3B32D4003D900E01EED /* Realtime in Frameworks */,
			);
			runOnlyForDeploymentPostprocessing = 0;
		};
		AC8CA4252D38171600D2E5E5 /* Frameworks */ = {
			isa = PBXFrameworksBuildPhase;
			buildActionMask = 2147483647;
			files = (
			);
			runOnlyForDeploymentPostprocessing = 0;
		};
		AC8CA42F2D38171600D2E5E5 /* Frameworks */ = {
			isa = PBXFrameworksBuildPhase;
			buildActionMask = 2147483647;
			files = (
			);
			runOnlyForDeploymentPostprocessing = 0;
		};
/* End PBXFrameworksBuildPhase section */

/* Begin PBXGroup section */
		AC8CA40F2D38171400D2E5E5 = {
			isa = PBXGroup;
			children = (
				AC8CA41A2D38171400D2E5E5 /* ExploreAble */,
				AC8CA42B2D38171600D2E5E5 /* ExploreAbleTests */,
				AC8CA4352D38171600D2E5E5 /* ExploreAbleUITests */,
				ACBEF3AB2D4003D900E01EED /* Frameworks */,
				AC8CA4192D38171400D2E5E5 /* Products */,
			);
			sourceTree = "<group>";
		};
		AC8CA4192D38171400D2E5E5 /* Products */ = {
			isa = PBXGroup;
			children = (
				AC8CA4182D38171400D2E5E5 /* ExploreAble.app */,
				AC8CA4282D38171600D2E5E5 /* ExploreAbleTests.xctest */,
				AC8CA4322D38171600D2E5E5 /* ExploreAbleUITests.xctest */,
			);
			name = Products;
			sourceTree = "<group>";
		};
		ACBEF3AB2D4003D900E01EED /* Frameworks */ = {
			isa = PBXGroup;
			children = (
			);
			name = Frameworks;
			sourceTree = "<group>";
		};
/* End PBXGroup section */

/* Begin PBXNativeTarget section */
		AC8CA4172D38171400D2E5E5 /* ExploreAble */ = {
			isa = PBXNativeTarget;
			buildConfigurationList = AC8CA43C2D38171600D2E5E5 /* Build configuration list for PBXNativeTarget "ExploreAble" */;
			buildPhases = (
				AC8CA4142D38171400D2E5E5 /* Sources */,
				AC8CA4152D38171400D2E5E5 /* Frameworks */,
				AC8CA4162D38171400D2E5E5 /* Resources */,
			);
			buildRules = (
			);
			dependencies = (
			);
			fileSystemSynchronizedGroups = (
				AC8CA41A2D38171400D2E5E5 /* ExploreAble */,
			);
			name = ExploreAble;
			packageProductDependencies = (
				ACBEF3AC2D4003D900E01EED /* Auth */,
				ACBEF3AE2D4003D900E01EED /* Functions */,
				ACBEF3B02D4003D900E01EED /* PostgREST */,
				ACBEF3B22D4003D900E01EED /* Realtime */,
				ACBEF3B42D4003D900E01EED /* Storage */,
				ACBEF3B62D4003D900E01EED /* Supabase */,
			);
			productName = ExploreAble;
			productReference = AC8CA4182D38171400D2E5E5 /* ExploreAble.app */;
			productType = "com.apple.product-type.application";
		};
		AC8CA4272D38171600D2E5E5 /* ExploreAbleTests */ = {
			isa = PBXNativeTarget;
			buildConfigurationList = AC8CA43F2D38171600D2E5E5 /* Build configuration list for PBXNativeTarget "ExploreAbleTests" */;
			buildPhases = (
				AC8CA4242D38171600D2E5E5 /* Sources */,
				AC8CA4252D38171600D2E5E5 /* Frameworks */,
				AC8CA4262D38171600D2E5E5 /* Resources */,
			);
			buildRules = (
			);
			dependencies = (
				AC8CA42A2D38171600D2E5E5 /* PBXTargetDependency */,
			);
			fileSystemSynchronizedGroups = (
				AC8CA42B2D38171600D2E5E5 /* ExploreAbleTests */,
			);
			name = ExploreAbleTests;
			packageProductDependencies = (
			);
			productName = ExploreAbleTests;
			productReference = AC8CA4282D38171600D2E5E5 /* ExploreAbleTests.xctest */;
			productType = "com.apple.product-type.bundle.unit-test";
		};
		AC8CA4312D38171600D2E5E5 /* ExploreAbleUITests */ = {
			isa = PBXNativeTarget;
			buildConfigurationList = AC8CA4422D38171600D2E5E5 /* Build configuration list for PBXNativeTarget "ExploreAbleUITests" */;
			buildPhases = (
				AC8CA42E2D38171600D2E5E5 /* Sources */,
				AC8CA42F2D38171600D2E5E5 /* Frameworks */,
				AC8CA4302D38171600D2E5E5 /* Resources */,
			);
			buildRules = (
			);
			dependencies = (
				AC8CA4342D38171600D2E5E5 /* PBXTargetDependency */,
			);
			fileSystemSynchronizedGroups = (
				AC8CA4352D38171600D2E5E5 /* ExploreAbleUITests */,
			);
			name = ExploreAbleUITests;
			packageProductDependencies = (
			);
			productName = ExploreAbleUITests;
			productReference = AC8CA4322D38171600D2E5E5 /* ExploreAbleUITests.xctest */;
			productType = "com.apple.product-type.bundle.ui-testing";
		};
/* End PBXNativeTarget section */

/* Begin PBXProject section */
		AC8CA4102D38171400D2E5E5 /* Project object */ = {
			isa = PBXProject;
			attributes = {
				BuildIndependentTargetsInParallel = 1;
				LastSwiftUpdateCheck = 1620;
				LastUpgradeCheck = 1620;
				TargetAttributes = {
					AC8CA4172D38171400D2E5E5 = {
						CreatedOnToolsVersion = 16.2;
					};
					AC8CA4272D38171600D2E5E5 = {
						CreatedOnToolsVersion = 16.2;
						TestTargetID = AC8CA4172D38171400D2E5E5;
					};
					AC8CA4312D38171600D2E5E5 = {
						CreatedOnToolsVersion = 16.2;
						TestTargetID = AC8CA4172D38171400D2E5E5;
					};
				};
			};
			buildConfigurationList = AC8CA4132D38171400D2E5E5 /* Build configuration list for PBXProject "ExploreAble" */;
			developmentRegion = en;
			hasScannedForEncodings = 0;
			knownRegions = (
				en,
				Base,
			);
			mainGroup = AC8CA40F2D38171400D2E5E5;
			minimizedProjectReferenceProxies = 1;
			packageReferences = (
				ACBEF3802D4001C000E01EED /* XCRemoteSwiftPackageReference "supabase-swift" */,
			);
			preferredProjectObjectVersion = 77;
			productRefGroup = AC8CA4192D38171400D2E5E5 /* Products */;
			projectDirPath = "";
			projectRoot = "";
			targets = (
				AC8CA4172D38171400D2E5E5 /* ExploreAble */,
				AC8CA4272D38171600D2E5E5 /* ExploreAbleTests */,
				AC8CA4312D38171600D2E5E5 /* ExploreAbleUITests */,
			);
		};
/* End PBXProject section */

/* Begin PBXResourcesBuildPhase section */
		AC8CA4162D38171400D2E5E5 /* Resources */ = {
			isa = PBXResourcesBuildPhase;
			buildActionMask = 2147483647;
			files = (
			);
			runOnlyForDeploymentPostprocessing = 0;
		};
		AC8CA4262D38171600D2E5E5 /* Resources */ = {
			isa = PBXResourcesBuildPhase;
			buildActionMask = 2147483647;
			files = (
			);
			runOnlyForDeploymentPostprocessing = 0;
		};
		AC8CA4302D38171600D2E5E5 /* Resources */ = {
			isa = PBXResourcesBuildPhase;
			buildActionMask = 2147483647;
			files = (
			);
			runOnlyForDeploymentPostprocessing = 0;
		};
/* End PBXResourcesBuildPhase section */

/* Begin PBXSourcesBuildPhase section */
		AC8CA4142D38171400D2E5E5 /* Sources */ = {
			isa = PBXSourcesBuildPhase;
			buildActionMask = 2147483647;
			files = (
			);
			runOnlyForDeploymentPostprocessing = 0;
		};
		AC8CA4242D38171600D2E5E5 /* Sources */ = {
			isa = PBXSourcesBuildPhase;
			buildActionMask = 2147483647;
			files = (
			);
			runOnlyForDeploymentPostprocessing = 0;
		};
		AC8CA42E2D38171600D2E5E5 /* Sources */ = {
			isa = PBXSourcesBuildPhase;
			buildActionMask = 2147483647;
			files = (
			);
			runOnlyForDeploymentPostprocessing = 0;
		};
/* End PBXSourcesBuildPhase section */

/* Begin PBXTargetDependency section */
		AC8CA42A2D38171600D2E5E5 /* PBXTargetDependency */ = {
			isa = PBXTargetDependency;
			target = AC8CA4172D38171400D2E5E5 /* ExploreAble */;
			targetProxy = AC8CA4292D38171600D2E5E5 /* PBXContainerItemProxy */;
		};
		AC8CA4342D38171600D2E5E5 /* PBXTargetDependency */ = {
			isa = PBXTargetDependency;
			target = AC8CA4172D38171400D2E5E5 /* ExploreAble */;
			targetProxy = AC8CA4332D38171600D2E5E5 /* PBXContainerItemProxy */;
		};
/* End PBXTargetDependency section */

/* Begin XCBuildConfiguration section */
		AC8CA43A2D38171600D2E5E5 /* Debug */ = {
			isa = XCBuildConfiguration;
			buildSettings = {
				ALWAYS_SEARCH_USER_PATHS = NO;
				ASSETCATALOG_COMPILER_GENERATE_SWIFT_ASSET_SYMBOL_EXTENSIONS = YES;
				CLANG_ANALYZER_NONNULL = YES;
				CLANG_ANALYZER_NUMBER_OBJECT_CONVERSION = YES_AGGRESSIVE;
				CLANG_CXX_LANGUAGE_STANDARD = "gnu++20";
				CLANG_ENABLE_MODULES = YES;
				CLANG_ENABLE_OBJC_ARC = YES;
				CLANG_ENABLE_OBJC_WEAK = YES;
				CLANG_WARN_BLOCK_CAPTURE_AUTORELEASING = YES;
				CLANG_WARN_BOOL_CONVERSION = YES;
				CLANG_WARN_COMMA = YES;
				CLANG_WARN_CONSTANT_CONVERSION = YES;
				CLANG_WARN_DEPRECATED_OBJC_IMPLEMENTATIONS = YES;
				CLANG_WARN_DIRECT_OBJC_ISA_USAGE = YES_ERROR;
				CLANG_WARN_DOCUMENTATION_COMMENTS = YES;
				CLANG_WARN_EMPTY_BODY = YES;
				CLANG_WARN_ENUM_CONVERSION = YES;
				CLANG_WARN_INFINITE_RECURSION = YES;
				CLANG_WARN_INT_CONVERSION = YES;
				CLANG_WARN_NON_LITERAL_NULL_CONVERSION = YES;
				CLANG_WARN_OBJC_IMPLICIT_RETAIN_SELF = YES;
				CLANG_WARN_OBJC_LITERAL_CONVERSION = YES;
				CLANG_WARN_OBJC_ROOT_CLASS = YES_ERROR;
				CLANG_WARN_QUOTED_INCLUDE_IN_FRAMEWORK_HEADER = YES;
				CLANG_WARN_RANGE_LOOP_ANALYSIS = YES;
				CLANG_WARN_STRICT_PROTOTYPES = YES;
				CLANG_WARN_SUSPICIOUS_MOVE = YES;
				CLANG_WARN_UNGUARDED_AVAILABILITY = YES_AGGRESSIVE;
				CLANG_WARN_UNREACHABLE_CODE = YES;
				CLANG_WARN__DUPLICATE_METHOD_MATCH = YES;
				COPY_PHASE_STRIP = NO;
				DEBUG_INFORMATION_FORMAT = dwarf;
				ENABLE_STRICT_OBJC_MSGSEND = YES;
				ENABLE_TESTABILITY = YES;
				ENABLE_USER_SCRIPT_SANDBOXING = YES;
				GCC_C_LANGUAGE_STANDARD = gnu17;
				GCC_DYNAMIC_NO_PIC = NO;
				GCC_NO_COMMON_BLOCKS = YES;
				GCC_OPTIMIZATION_LEVEL = 0;
				GCC_PREPROCESSOR_DEFINITIONS = (
					"DEBUG=1",
					"$(inherited)",
				);
				GCC_WARN_64_TO_32_BIT_CONVERSION = YES;
				GCC_WARN_ABOUT_RETURN_TYPE = YES_ERROR;
				GCC_WARN_UNDECLARED_SELECTOR = YES;
				GCC_WARN_UNINITIALIZED_AUTOS = YES_AGGRESSIVE;
				GCC_WARN_UNUSED_FUNCTION = YES;
				GCC_WARN_UNUSED_VARIABLE = YES;
				IPHONEOS_DEPLOYMENT_TARGET = 18.2;
				LOCALIZATION_PREFERS_STRING_CATALOGS = YES;
				MTL_ENABLE_DEBUG_INFO = INCLUDE_SOURCE;
				MTL_FAST_MATH = YES;
				ONLY_ACTIVE_ARCH = YES;
				SDKROOT = iphoneos;
				SWIFT_ACTIVE_COMPILATION_CONDITIONS = "DEBUG $(inherited)";
				SWIFT_OPTIMIZATION_LEVEL = "-Onone";
			};
			name = Debug;
		};
		AC8CA43B2D38171600D2E5E5 /* Release */ = {
			isa = XCBuildConfiguration;
			buildSettings = {
				ALWAYS_SEARCH_USER_PATHS = NO;
				ASSETCATALOG_COMPILER_GENERATE_SWIFT_ASSET_SYMBOL_EXTENSIONS = YES;
				CLANG_ANALYZER_NONNULL = YES;
				CLANG_ANALYZER_NUMBER_OBJECT_CONVERSION = YES_AGGRESSIVE;
				CLANG_CXX_LANGUAGE_STANDARD = "gnu++20";
				CLANG_ENABLE_MODULES = YES;
				CLANG_ENABLE_OBJC_ARC = YES;
				CLANG_ENABLE_OBJC_WEAK = YES;
				CLANG_WARN_BLOCK_CAPTURE_AUTORELEASING = YES;
				CLANG_WARN_BOOL_CONVERSION = YES;
				CLANG_WARN_COMMA = YES;
				CLANG_WARN_CONSTANT_CONVERSION = YES;
				CLANG_WARN_DEPRECATED_OBJC_IMPLEMENTATIONS = YES;
				CLANG_WARN_DIRECT_OBJC_ISA_USAGE = YES_ERROR;
				CLANG_WARN_DOCUMENTATION_COMMENTS = YES;
				CLANG_WARN_EMPTY_BODY = YES;
				CLANG_WARN_ENUM_CONVERSION = YES;
				CLANG_WARN_INFINITE_RECURSION = YES;
				CLANG_WARN_INT_CONVERSION = YES;
				CLANG_WARN_NON_LITERAL_NULL_CONVERSION = YES;
				CLANG_WARN_OBJC_IMPLICIT_RETAIN_SELF = YES;
				CLANG_WARN_OBJC_LITERAL_CONVERSION = YES;
				CLANG_WARN_OBJC_ROOT_CLASS = YES_ERROR;
				CLANG_WARN_QUOTED_INCLUDE_IN_FRAMEWORK_HEADER = YES;
				CLANG_WARN_RANGE_LOOP_ANALYSIS = YES;
				CLANG_WARN_STRICT_PROTOTYPES = YES;
				CLANG_WARN_SUSPICIOUS_MOVE = YES;
				CLANG_WARN_UNGUARDED_AVAILABILITY = YES_AGGRESSIVE;
				CLANG_WARN_UNREACHABLE_CODE = YES;
				CLANG_WARN__DUPLICATE_METHOD_MATCH = YES;
				COPY_PHASE_STRIP = NO;
				DEBUG_INFORMATION_FORMAT = "dwarf-with-dsym";
				ENABLE_NS_ASSERTIONS = NO;
				ENABLE_STRICT_OBJC_MSGSEND = YES;
				ENABLE_USER_SCRIPT_SANDBOXING = YES;
				GCC_C_LANGUAGE_STANDARD = gnu17;
				GCC_NO_COMMON_BLOCKS = YES;
				GCC_WARN_64_TO_32_BIT_CONVERSION = YES;
				GCC_WARN_ABOUT_RETURN_TYPE = YES_ERROR;
				GCC_WARN_UNDECLARED_SELECTOR = YES;
				GCC_WARN_UNINITIALIZED_AUTOS = YES_AGGRESSIVE;
				GCC_WARN_UNUSED_FUNCTION = YES;
				GCC_WARN_UNUSED_VARIABLE = YES;
				IPHONEOS_DEPLOYMENT_TARGET = 18.2;
				LOCALIZATION_PREFERS_STRING_CATALOGS = YES;
				MTL_ENABLE_DEBUG_INFO = NO;
				MTL_FAST_MATH = YES;
				SDKROOT = iphoneos;
				SWIFT_COMPILATION_MODE = wholemodule;
				VALIDATE_PRODUCT = YES;
			};
			name = Release;
		};
		AC8CA43D2D38171600D2E5E5 /* Debug */ = {
			isa = XCBuildConfiguration;
			buildSettings = {
				ASSETCATALOG_COMPILER_APPICON_NAME = AppIcon;
				ASSETCATALOG_COMPILER_GLOBAL_ACCENT_COLOR_NAME = AccentColor;
				CODE_SIGN_ENTITLEMENTS = ExploreAble/ExploreAble.entitlements;
				CODE_SIGN_STYLE = Automatic;
				CURRENT_PROJECT_VERSION = 1;
				DEVELOPMENT_ASSET_PATHS = "\"ExploreAble/Preview Content\"";
				DEVELOPMENT_TEAM = 8VNWQXUY4G;
				ENABLE_PREVIEWS = YES;
				GENERATE_INFOPLIST_FILE = YES;
				INFOPLIST_KEY_UIApplicationSceneManifest_Generation = YES;
				INFOPLIST_KEY_UIApplicationSupportsIndirectInputEvents = YES;
				INFOPLIST_KEY_UILaunchScreen_Generation = YES;
				INFOPLIST_KEY_UISupportedInterfaceOrientations_iPad = "UIInterfaceOrientationPortrait UIInterfaceOrientationPortraitUpsideDown UIInterfaceOrientationLandscapeLeft UIInterfaceOrientationLandscapeRight";
				INFOPLIST_KEY_UISupportedInterfaceOrientations_iPhone = "UIInterfaceOrientationPortrait UIInterfaceOrientationLandscapeLeft UIInterfaceOrientationLandscapeRight";
				LD_RUNPATH_SEARCH_PATHS = (
					"$(inherited)",
					"@executable_path/Frameworks",
				);
				MARKETING_VERSION = 1.0;
				PRODUCT_BUNDLE_IDENTIFIER = aadishivmalhotra.ExploreAble;
				PRODUCT_NAME = "$(TARGET_NAME)";
				SWIFT_EMIT_LOC_STRINGS = YES;
				SWIFT_VERSION = 5.0;
				TARGETED_DEVICE_FAMILY = "1,2";
			};
			name = Debug;
		};
		AC8CA43E2D38171600D2E5E5 /* Release */ = {
			isa = XCBuildConfiguration;
			buildSettings = {
				ASSETCATALOG_COMPILER_APPICON_NAME = AppIcon;
				ASSETCATALOG_COMPILER_GLOBAL_ACCENT_COLOR_NAME = AccentColor;
				CODE_SIGN_ENTITLEMENTS = ExploreAble/ExploreAble.entitlements;
				CODE_SIGN_STYLE = Automatic;
				CURRENT_PROJECT_VERSION = 1;
				DEVELOPMENT_ASSET_PATHS = "\"ExploreAble/Preview Content\"";
				DEVELOPMENT_TEAM = 8VNWQXUY4G;
				ENABLE_PREVIEWS = YES;
				GENERATE_INFOPLIST_FILE = YES;
				INFOPLIST_KEY_UIApplicationSceneManifest_Generation = YES;
				INFOPLIST_KEY_UIApplicationSupportsIndirectInputEvents = YES;
				INFOPLIST_KEY_UILaunchScreen_Generation = YES;
				INFOPLIST_KEY_UISupportedInterfaceOrientations_iPad = "UIInterfaceOrientationPortrait UIInterfaceOrientationPortraitUpsideDown UIInterfaceOrientationLandscapeLeft UIInterfaceOrientationLandscapeRight";
				INFOPLIST_KEY_UISupportedInterfaceOrientations_iPhone = "UIInterfaceOrientationPortrait UIInterfaceOrientationLandscapeLeft UIInterfaceOrientationLandscapeRight";
				LD_RUNPATH_SEARCH_PATHS = (
					"$(inherited)",
					"@executable_path/Frameworks",
				);
				MARKETING_VERSION = 1.0;
				PRODUCT_BUNDLE_IDENTIFIER = aadishivmalhotra.ExploreAble;
				PRODUCT_NAME = "$(TARGET_NAME)";
				SWIFT_EMIT_LOC_STRINGS = YES;
				SWIFT_VERSION = 5.0;
				TARGETED_DEVICE_FAMILY = "1,2";
			};
			name = Release;
		};
		AC8CA4402D38171600D2E5E5 /* Debug */ = {
			isa = XCBuildConfiguration;
			buildSettings = {
				BUNDLE_LOADER = "$(TEST_HOST)";
				CODE_SIGN_STYLE = Automatic;
				CURRENT_PROJECT_VERSION = 1;
				DEVELOPMENT_TEAM = 8VNWQXUY4G;
				GENERATE_INFOPLIST_FILE = YES;
				IPHONEOS_DEPLOYMENT_TARGET = 18.2;
				MARKETING_VERSION = 1.0;
				PRODUCT_BUNDLE_IDENTIFIER = aadishivmalhotra.ExploreAbleTests;
				PRODUCT_NAME = "$(TARGET_NAME)";
				SWIFT_EMIT_LOC_STRINGS = NO;
				SWIFT_VERSION = 5.0;
				TARGETED_DEVICE_FAMILY = "1,2";
				TEST_HOST = "$(BUILT_PRODUCTS_DIR)/ExploreAble.app/$(BUNDLE_EXECUTABLE_FOLDER_PATH)/ExploreAble";
			};
			name = Debug;
		};
		AC8CA4412D38171600D2E5E5 /* Release */ = {
			isa = XCBuildConfiguration;
			buildSettings = {
				BUNDLE_LOADER = "$(TEST_HOST)";
				CODE_SIGN_STYLE = Automatic;
				CURRENT_PROJECT_VERSION = 1;
				DEVELOPMENT_TEAM = 8VNWQXUY4G;
				GENERATE_INFOPLIST_FILE = YES;
				IPHONEOS_DEPLOYMENT_TARGET = 18.2;
				MARKETING_VERSION = 1.0;
				PRODUCT_BUNDLE_IDENTIFIER = aadishivmalhotra.ExploreAbleTests;
				PRODUCT_NAME = "$(TARGET_NAME)";
				SWIFT_EMIT_LOC_STRINGS = NO;
				SWIFT_VERSION = 5.0;
				TARGETED_DEVICE_FAMILY = "1,2";
				TEST_HOST = "$(BUILT_PRODUCTS_DIR)/ExploreAble.app/$(BUNDLE_EXECUTABLE_FOLDER_PATH)/ExploreAble";
			};
			name = Release;
		};
		AC8CA4432D38171600D2E5E5 /* Debug */ = {
			isa = XCBuildConfiguration;
			buildSettings = {
				CODE_SIGN_STYLE = Automatic;
				CURRENT_PROJECT_VERSION = 1;
				DEVELOPMENT_TEAM = 8VNWQXUY4G;
				GENERATE_INFOPLIST_FILE = YES;
				MARKETING_VERSION = 1.0;
				PRODUCT_BUNDLE_IDENTIFIER = aadishivmalhotra.ExploreAbleUITests;
				PRODUCT_NAME = "$(TARGET_NAME)";
				SWIFT_EMIT_LOC_STRINGS = NO;
				SWIFT_VERSION = 5.0;
				TARGETED_DEVICE_FAMILY = "1,2";
				TEST_TARGET_NAME = ExploreAble;
			};
			name = Debug;
		};
		AC8CA4442D38171600D2E5E5 /* Release */ = {
			isa = XCBuildConfiguration;
			buildSettings = {
				CODE_SIGN_STYLE = Automatic;
				CURRENT_PROJECT_VERSION = 1;
				DEVELOPMENT_TEAM = 8VNWQXUY4G;
				GENERATE_INFOPLIST_FILE = YES;
				MARKETING_VERSION = 1.0;
				PRODUCT_BUNDLE_IDENTIFIER = aadishivmalhotra.ExploreAbleUITests;
				PRODUCT_NAME = "$(TARGET_NAME)";
				SWIFT_EMIT_LOC_STRINGS = NO;
				SWIFT_VERSION = 5.0;
				TARGETED_DEVICE_FAMILY = "1,2";
				TEST_TARGET_NAME = ExploreAble;
			};
			name = Release;
		};
/* End XCBuildConfiguration section */

/* Begin XCConfigurationList section */
		AC8CA4132D38171400D2E5E5 /* Build configuration list for PBXProject "ExploreAble" */ = {
			isa = XCConfigurationList;
			buildConfigurations = (
				AC8CA43A2D38171600D2E5E5 /* Debug */,
				AC8CA43B2D38171600D2E5E5 /* Release */,
			);
			defaultConfigurationIsVisible = 0;
			defaultConfigurationName = Release;
		};
		AC8CA43C2D38171600D2E5E5 /* Build configuration list for PBXNativeTarget "ExploreAble" */ = {
			isa = XCConfigurationList;
			buildConfigurations = (
				AC8CA43D2D38171600D2E5E5 /* Debug */,
				AC8CA43E2D38171600D2E5E5 /* Release */,
			);
			defaultConfigurationIsVisible = 0;
			defaultConfigurationName = Release;
		};
		AC8CA43F2D38171600D2E5E5 /* Build configuration list for PBXNativeTarget "ExploreAbleTests" */ = {
			isa = XCConfigurationList;
			buildConfigurations = (
				AC8CA4402D38171600D2E5E5 /* Debug */,
				AC8CA4412D38171600D2E5E5 /* Release */,
			);
			defaultConfigurationIsVisible = 0;
			defaultConfigurationName = Release;
		};
		AC8CA4422D38171600D2E5E5 /* Build configuration list for PBXNativeTarget "ExploreAbleUITests" */ = {
			isa = XCConfigurationList;
			buildConfigurations = (
				AC8CA4432D38171600D2E5E5 /* Debug */,
				AC8CA4442D38171600D2E5E5 /* Release */,
			);
			defaultConfigurationIsVisible = 0;
			defaultConfigurationName = Release;
		};
/* End XCConfigurationList section */

/* Begin XCRemoteSwiftPackageReference section */
		ACBEF3802D4001C000E01EED /* XCRemoteSwiftPackageReference "supabase-swift" */ = {
			isa = XCRemoteSwiftPackageReference;
			repositoryURL = "https://github.com/supabase/supabase-swift";
			requirement = {
				kind = upToNextMajorVersion;
				minimumVersion = 2.5.1;
			};
		};
/* End XCRemoteSwiftPackageReference section */

/* Begin XCSwiftPackageProductDependency section */
		ACBEF3AC2D4003D900E01EED /* Auth */ = {
			isa = XCSwiftPackageProductDependency;
			package = ACBEF3802D4001C000E01EED /* XCRemoteSwiftPackageReference "supabase-swift" */;
			productName = Auth;
		};
		ACBEF3AE2D4003D900E01EED /* Functions */ = {
			isa = XCSwiftPackageProductDependency;
			package = ACBEF3802D4001C000E01EED /* XCRemoteSwiftPackageReference "supabase-swift" */;
			productName = Functions;
		};
		ACBEF3B02D4003D900E01EED /* PostgREST */ = {
			isa = XCSwiftPackageProductDependency;
			package = ACBEF3802D4001C000E01EED /* XCRemoteSwiftPackageReference "supabase-swift" */;
			productName = PostgREST;
		};
		ACBEF3B22D4003D900E01EED /* Realtime */ = {
			isa = XCSwiftPackageProductDependency;
			package = ACBEF3802D4001C000E01EED /* XCRemoteSwiftPackageReference "supabase-swift" */;
			productName = Realtime;
		};
		ACBEF3B42D4003D900E01EED /* Storage */ = {
			isa = XCSwiftPackageProductDependency;
			package = ACBEF3802D4001C000E01EED /* XCRemoteSwiftPackageReference "supabase-swift" */;
			productName = Storage;
		};
		ACBEF3B62D4003D900E01EED /* Supabase */ = {
			isa = XCSwiftPackageProductDependency;
			package = ACBEF3802D4001C000E01EED /* XCRemoteSwiftPackageReference "supabase-swift" */;
			productName = Supabase;
		};
/* End XCSwiftPackageProductDependency section */
	};
	rootObject = AC8CA4102D38171400D2E5E5 /* Project object */;
}
